
Microsoft Visual Studio Solution File, Format Version 12.00
# Visual Studio Version 17
VisualStudioVersion = 17.2.32505.173
MinimumVisualStudioVersion = 10.0.40219.1
Project("{9A19103F-16F7-4668-BE54-9A1E7A4F7556}") = "Revit.Service", "Revit.Service\Revit.Service.csproj", "{796F8913-4193-4098-A33E-347C46BF7ACF}"
EndProject
Project("{9A19103F-16F7-4668-BE54-9A1E7A4F7556}") = "Revit.Application", "Revit.Application\Revit.Application.csproj", "{DB5D4D31-713E-441A-A6EC-B23CE1C229E3}"
EndProject
Project("{9A19103F-16F7-4668-BE54-9A1E7A4F7556}") = "Revit.Entity", "Revit.Entity\Revit.Entity.csproj", "{BE4DE726-4F6E-4486-BA4B-88829EAAAA99}"
EndProject
Project("{9A19103F-16F7-4668-BE54-9A1E7A4F7556}") = "Revit.Extension", "Revit.Extension\Revit.Extension.csproj", "{E507F6D1-17FA-4DA3-AA64-CA71F9349846}"
EndProject
Project("{9A19103F-16F7-4668-BE54-9A1E7A4F7556}") = "Revit.Mvvm", "Revit.Mvvm\Revit.Mvvm.csproj", "{6884C20D-1425-489B-8742-7684789A6C5E}"
EndProject
Project("{FAE04EC0-301F-11D3-BF4B-00C04F79EFBC}") = "Revit.Toolkit", "Revit.Toolkit\Revit.Toolkit.csproj", "{B7270108-6DEC-4A7A-A641-7B58DB952AFB}"
EndProject
Global
	GlobalSection(SolutionConfigurationPlatforms) = preSolution
		Debug|Any CPU = Debug|Any CPU
		Release|Any CPU = Release|Any CPU
		RVT_17|Any CPU = RVT_17|Any CPU
		RVT_18|Any CPU = RVT_18|Any CPU
		RVT_19|Any CPU = RVT_19|Any CPU
		RVT_20|Any CPU = RVT_20|Any CPU
	EndGlobalSection
	GlobalSection(ProjectConfigurationPlatforms) = postSolution
		{796F8913-4193-4098-A33E-347C46BF7ACF}.Debug|Any CPU.ActiveCfg = Debug|Any CPU
		{796F8913-4193-4098-A33E-347C46BF7ACF}.Debug|Any CPU.Build.0 = Debug|Any CPU
		{796F8913-4193-4098-A33E-347C46BF7ACF}.Release|Any CPU.ActiveCfg = Release|Any CPU
		{796F8913-4193-4098-A33E-347C46BF7ACF}.Release|Any CPU.Build.0 = Release|Any CPU
		{796F8913-4193-4098-A33E-347C46BF7ACF}.RVT_17|Any CPU.ActiveCfg = Release|Any CPU
		{796F8913-4193-4098-A33E-347C46BF7ACF}.RVT_17|Any CPU.Build.0 = Release|Any CPU
		{796F8913-4193-4098-A33E-347C46BF7ACF}.RVT_18|Any CPU.ActiveCfg = Rvt_18|Any CPU
		{796F8913-4193-4098-A33E-347C46BF7ACF}.RVT_18|Any CPU.Build.0 = Rvt_18|Any CPU
		{796F8913-4193-4098-A33E-347C46BF7ACF}.RVT_19|Any CPU.ActiveCfg = Release|Any CPU
		{796F8913-4193-4098-A33E-347C46BF7ACF}.RVT_19|Any CPU.Build.0 = Release|Any CPU
		{796F8913-4193-4098-A33E-347C46BF7ACF}.RVT_20|Any CPU.ActiveCfg = Rvt_20|Any CPU
		{796F8913-4193-4098-A33E-347C46BF7ACF}.RVT_20|Any CPU.Build.0 = Rvt_20|Any CPU
		{DB5D4D31-713E-441A-A6EC-B23CE1C229E3}.Debug|Any CPU.ActiveCfg = Debug|Any CPU
		{DB5D4D31-713E-441A-A6EC-B23CE1C229E3}.Debug|Any CPU.Build.0 = Debug|Any CPU
		{DB5D4D31-713E-441A-A6EC-B23CE1C229E3}.Release|Any CPU.ActiveCfg = Release|Any CPU
		{DB5D4D31-713E-441A-A6EC-B23CE1C229E3}.Release|Any CPU.Build.0 = Release|Any CPU
		{DB5D4D31-713E-441A-A6EC-B23CE1C229E3}.RVT_17|Any CPU.ActiveCfg = RVT_17|Any CPU
		{DB5D4D31-713E-441A-A6EC-B23CE1C229E3}.RVT_17|Any CPU.Build.0 = RVT_17|Any CPU
		{DB5D4D31-713E-441A-A6EC-B23CE1C229E3}.RVT_18|Any CPU.ActiveCfg = RVT_18|Any CPU
		{DB5D4D31-713E-441A-A6EC-B23CE1C229E3}.RVT_18|Any CPU.Build.0 = RVT_18|Any CPU
		{DB5D4D31-713E-441A-A6EC-B23CE1C229E3}.RVT_19|Any CPU.ActiveCfg = RVT_19|Any CPU
		{DB5D4D31-713E-441A-A6EC-B23CE1C229E3}.RVT_19|Any CPU.Build.0 = RVT_19|Any CPU
		{DB5D4D31-713E-441A-A6EC-B23CE1C229E3}.RVT_20|Any CPU.ActiveCfg = RVT_20|Any CPU
		{DB5D4D31-713E-441A-A6EC-B23CE1C229E3}.RVT_20|Any CPU.Build.0 = RVT_20|Any CPU
		{BE4DE726-4F6E-4486-BA4B-88829EAAAA99}.Debug|Any CPU.ActiveCfg = Debug|Any CPU
		{BE4DE726-4F6E-4486-BA4B-88829EAAAA99}.Debug|Any CPU.Build.0 = Debug|Any CPU
		{BE4DE726-4F6E-4486-BA4B-88829EAAAA99}.Release|Any CPU.ActiveCfg = Release|Any CPU
		{BE4DE726-4F6E-4486-BA4B-88829EAAAA99}.Release|Any CPU.Build.0 = Release|Any CPU
		{BE4DE726-4F6E-4486-BA4B-88829EAAAA99}.RVT_17|Any CPU.ActiveCfg = RVT_17|Any CPU
		{BE4DE726-4F6E-4486-BA4B-88829EAAAA99}.RVT_17|Any CPU.Build.0 = RVT_17|Any CPU
		{BE4DE726-4F6E-4486-BA4B-88829EAAAA99}.RVT_18|Any CPU.ActiveCfg = RVT_18|Any CPU
		{BE4DE726-4F6E-4486-BA4B-88829EAAAA99}.RVT_18|Any CPU.Build.0 = RVT_18|Any CPU
		{BE4DE726-4F6E-4486-BA4B-88829EAAAA99}.RVT_19|Any CPU.ActiveCfg = RVT_19|Any CPU
		{BE4DE726-4F6E-4486-BA4B-88829EAAAA99}.RVT_19|Any CPU.Build.0 = RVT_19|Any CPU
		{BE4DE726-4F6E-4486-BA4B-88829EAAAA99}.RVT_20|Any CPU.ActiveCfg = RVT_20|Any CPU
		{BE4DE726-4F6E-4486-BA4B-88829EAAAA99}.RVT_20|Any CPU.Build.0 = RVT_20|Any CPU
		{E507F6D1-17FA-4DA3-AA64-CA71F9349846}.Debug|Any CPU.ActiveCfg = Debug|Any CPU
		{E507F6D1-17FA-4DA3-AA64-CA71F9349846}.Debug|Any CPU.Build.0 = Debug|Any CPU
		{E507F6D1-17FA-4DA3-AA64-CA71F9349846}.Release|Any CPU.ActiveCfg = Release|Any CPU
		{E507F6D1-17FA-4DA3-AA64-CA71F9349846}.Release|Any CPU.Build.0 = Release|Any CPU
		{E507F6D1-17FA-4DA3-AA64-CA71F9349846}.RVT_17|Any CPU.ActiveCfg = RVT_17|Any CPU
		{E507F6D1-17FA-4DA3-AA64-CA71F9349846}.RVT_17|Any CPU.Build.0 = RVT_17|Any CPU
		{E507F6D1-17FA-4DA3-AA64-CA71F9349846}.RVT_18|Any CPU.ActiveCfg = RVT_18|Any CPU
		{E507F6D1-17FA-4DA3-AA64-CA71F9349846}.RVT_18|Any CPU.Build.0 = RVT_18|Any CPU
		{E507F6D1-17FA-4DA3-AA64-CA71F9349846}.RVT_19|Any CPU.ActiveCfg = RVT_19|Any CPU
		{E507F6D1-17FA-4DA3-AA64-CA71F9349846}.RVT_19|Any CPU.Build.0 = RVT_19|Any CPU
		{E507F6D1-17FA-4DA3-AA64-CA71F9349846}.RVT_20|Any CPU.ActiveCfg = RVT_20|Any CPU
		{E507F6D1-17FA-4DA3-AA64-CA71F9349846}.RVT_20|Any CPU.Build.0 = RVT_20|Any CPU
		{6884C20D-1425-489B-8742-7684789A6C5E}.Debug|Any CPU.ActiveCfg = Debug|Any CPU
		{6884C20D-1425-489B-8742-7684789A6C5E}.Debug|Any CPU.Build.0 = Debug|Any CPU
		{6884C20D-1425-489B-8742-7684789A6C5E}.Release|Any CPU.ActiveCfg = Release|Any CPU
		{6884C20D-1425-489B-8742-7684789A6C5E}.Release|Any CPU.Build.0 = Release|Any CPU
		{6884C20D-1425-489B-8742-7684789A6C5E}.RVT_17|Any CPU.ActiveCfg = RVT_17|Any CPU
		{6884C20D-1425-489B-8742-7684789A6C5E}.RVT_17|Any CPU.Build.0 = RVT_17|Any CPU
		{6884C20D-1425-489B-8742-7684789A6C5E}.RVT_18|Any CPU.ActiveCfg = RVT_18|Any CPU
		{6884C20D-1425-489B-8742-7684789A6C5E}.RVT_18|Any CPU.Build.0 = RVT_18|Any CPU
		{6884C20D-1425-489B-8742-7684789A6C5E}.RVT_19|Any CPU.ActiveCfg = RVT_19|Any CPU
		{6884C20D-1425-489B-8742-7684789A6C5E}.RVT_19|Any CPU.Build.0 = RVT_19|Any CPU
		{6884C20D-1425-489B-8742-7684789A6C5E}.RVT_20|Any CPU.ActiveCfg = RVT_20|Any CPU
		{6884C20D-1425-489B-8742-7684789A6C5E}.RVT_20|Any CPU.Build.0 = RVT_20|Any CPU
		{B7270108-6DEC-4A7A-A641-7B58DB952AFB}.Debug|Any CPU.ActiveCfg = Debug|Any CPU
		{B7270108-6DEC-4A7A-A641-7B58DB952AFB}.Debug|Any CPU.Build.0 = Debug|Any CPU
		{B7270108-6DEC-4A7A-A641-7B58DB952AFB}.Release|Any CPU.ActiveCfg = Release|Any CPU
		{B7270108-6DEC-4A7A-A641-7B58DB952AFB}.Release|Any CPU.Build.0 = Release|Any CPU
		{B7270108-6DEC-4A7A-A641-7B58DB952AFB}.RVT_17|Any CPU.ActiveCfg = Release|Any CPU
		{B7270108-6DEC-4A7A-A641-7B58DB952AFB}.RVT_17|Any CPU.Build.0 = Release|Any CPU
		{B7270108-6DEC-4A7A-A641-7B58DB952AFB}.RVT_18|Any CPU.ActiveCfg = Release|Any CPU
		{B7270108-6DEC-4A7A-A641-7B58DB952AFB}.RVT_18|Any CPU.Build.0 = Release|Any CPU
		{B7270108-6DEC-4A7A-A641-7B58DB952AFB}.RVT_19|Any CPU.ActiveCfg = Release|Any CPU
		{B7270108-6DEC-4A7A-A641-7B58DB952AFB}.RVT_19|Any CPU.Build.0 = Release|Any CPU
		{B7270108-6DEC-4A7A-A641-7B58DB952AFB}.RVT_20|Any CPU.ActiveCfg = Release|Any CPU
		{B7270108-6DEC-4A7A-A641-7B58DB952AFB}.RVT_20|Any CPU.Build.0 = Release|Any CPU
	EndGlobalSection
	GlobalSection(SolutionProperties) = preSolution
		HideSolutionNode = FALSE
	EndGlobalSection
	GlobalSection(ExtensibilityGlobals) = postSolution
		SolutionGuid = {21F1E93E-A364-4F74-83C1-88553EEB29A7}
	EndGlobalSection
EndGlobal
